
Microsoft Visual Studio Solution File, Format Version 12.00
# Visual Studio Version 17
VisualStudioVersion = 17.7.34024.191
MinimumVisualStudioVersion = 10.0.40219.1
Project("{9A19103F-16F7-4668-BE54-9A1E7A4F7556}") = "AcTech_Website", "AcTech_Website.csproj", "{AA7BFCE6-47C9-468F-8A98-E039E526507E}"
EndProject
Global
	GlobalSection(SolutionConfigurationPlatforms) = preSolution
		Debug|Any CPU = Debug|Any CPU
		Release|Any CPU = Release|Any CPU
	EndGlobalSection
	GlobalSection(ProjectConfigurationPlatforms) = postSolution
		{AA7BFCE6-47C9-468F-8A98-E039E526507E}.Debug|Any CPU.ActiveCfg = Debug|Any CPU
		{AA7BFCE6-47C9-468F-8A98-E039E526507E}.Debug|Any CPU.Build.0 = Debug|Any CPU
		{AA7BFCE6-47C9-468F-8A98-E039E526507E}.Release|Any CPU.ActiveCfg = Release|Any CPU
		{AA7BFCE6-47C9-468F-8A98-E039E526507E}.Release|Any CPU.Build.0 = Release|Any CPU
	EndGlobalSection
	GlobalSection(SolutionProperties) = preSolution
		HideSolutionNode = FALSE
	EndGlobalSection
	GlobalSection(ExtensibilityGlobals) = postSolution
		SolutionGuid = {A0395DD6-5452-4238-9A82-7F1337E8EA5C}
	EndGlobalSection
EndGlobal
